// !$*UTF8*$!
{
	archiveVersion = 1;
	classes = {
	};
	objectVersion = 55;
	objects = {

/* Begin PBXBuildFile section */
		82C400ED285B264E001E858C /* AppDelegate.swift in Sources */ = {isa = PBXBuildFile; fileRef = 82C400EC285B264E001E858C /* AppDelegate.swift */; };
		82C400EF285B264E001E858C /* SceneDelegate.swift in Sources */ = {isa = PBXBuildFile; fileRef = 82C400EE285B264E001E858C /* SceneDelegate.swift */; };
		82C400F1285B264E001E858C /* ViewController.swift in Sources */ = {isa = PBXBuildFile; fileRef = 82C400F0285B264E001E858C /* ViewController.swift */; };
		82C400F4285B264E001E858C /* Main.storyboard in Resources */ = {isa = PBXBuildFile; fileRef = 82C400F2285B264E001E858C /* Main.storyboard */; };
		82C400F6285B264F001E858C /* Assets.xcassets in Resources */ = {isa = PBXBuildFile; fileRef = 82C400F5285B264F001E858C /* Assets.xcassets */; };
		82C400F9285B264F001E858C /* LaunchScreen.storyboard in Resources */ = {isa = PBXBuildFile; fileRef = 82C400F7285B264F001E858C /* LaunchScreen.storyboard */; };
		82C40104285B264F001E858C /* ScreenTransitionTests.swift in Sources */ = {isa = PBXBuildFile; fileRef = 82C40103285B264F001E858C /* ScreenTransitionTests.swift */; };
		82C4010E285B264F001E858C /* ScreenTransitionUITests.swift in Sources */ = {isa = PBXBuildFile; fileRef = 82C4010D285B264F001E858C /* ScreenTransitionUITests.swift */; };
		82C40110285B264F001E858C /* ScreenTransitionUITestsLaunchTests.swift in Sources */ = {isa = PBXBuildFile; fileRef = 82C4010F285B264F001E858C /* ScreenTransitionUITestsLaunchTests.swift */; };
		82C4011D285B2B37001E858C /* ModalViewController.swift in Sources */ = {isa = PBXBuildFile; fileRef = 82C4011C285B2B37001E858C /* ModalViewController.swift */; };
/* End PBXBuildFile section */

/* Begin PBXContainerItemProxy section */
		82C40100285B264F001E858C /* PBXContainerItemProxy */ = {
			isa = PBXContainerItemProxy;
			containerPortal = 82C400E1285B264E001E858C /* Project object */;
			proxyType = 1;
			remoteGlobalIDString = 82C400E8285B264E001E858C;
			remoteInfo = ScreenTransition;
		};
		82C4010A285B264F001E858C /* PBXContainerItemProxy */ = {
			isa = PBXContainerItemProxy;
			containerPortal = 82C400E1285B264E001E858C /* Project object */;
			proxyType = 1;
			remoteGlobalIDString = 82C400E8285B264E001E858C;
			remoteInfo = ScreenTransition;
		};
/* End PBXContainerItemProxy section */

/* Begin PBXFileReference section */
		82C400E9285B264E001E858C /* ScreenTransition.app */ = {isa = PBXFileReference; explicitFileType = wrapper.application; includeInIndex = 0; path = ScreenTransition.app; sourceTree = BUILT_PRODUCTS_DIR; };
		82C400EC285B264E001E858C /* AppDelegate.swift */ = {isa = PBXFileReference; lastKnownFileType = sourcecode.swift; path = AppDelegate.swift; sourceTree = "<group>"; };
		82C400EE285B264E001E858C /* SceneDelegate.swift */ = {isa = PBXFileReference; lastKnownFileType = sourcecode.swift; path = SceneDelegate.swift; sourceTree = "<group>"; };
		82C400F0285B264E001E858C /* ViewController.swift */ = {isa = PBXFileReference; lastKnownFileType = sourcecode.swift; path = ViewController.swift; sourceTree = "<group>"; };
		82C400F3285B264E001E858C /* Base */ = {isa = PBXFileReference; lastKnownFileType = file.storyboard; name = Base; path = Base.lproj/Main.storyboard; sourceTree = "<group>"; };
		82C400F5285B264F001E858C /* Assets.xcassets */ = {isa = PBXFileReference; lastKnownFileType = folder.assetcatalog; path = Assets.xcassets; sourceTree = "<group>"; };
		82C400F8285B264F001E858C /* Base */ = {isa = PBXFileReference; lastKnownFileType = file.storyboard; name = Base; path = Base.lproj/LaunchScreen.storyboard; sourceTree = "<group>"; };
		82C400FA285B264F001E858C /* Info.plist */ = {isa = PBXFileReference; lastKnownFileType = text.plist.xml; path = Info.plist; sourceTree = "<group>"; };
		82C400FF285B264F001E858C /* ScreenTransitionTests.xctest */ = {isa = PBXFileReference; explicitFileType = wrapper.cfbundle; includeInIndex = 0; path = ScreenTransitionTests.xctest; sourceTree = BUILT_PRODUCTS_DIR; };
		82C40103285B264F001E858C /* ScreenTransitionTests.swift */ = {isa = PBXFileReference; lastKnownFileType = sourcecode.swift; path = ScreenTransitionTests.swift; sourceTree = "<group>"; };
		82C40109285B264F001E858C /* ScreenTransitionUITests.xctest */ = {isa = PBXFileReference; explicitFileType = wrapper.cfbundle; includeInIndex = 0; path = ScreenTransitionUITests.xctest; sourceTree = BUILT_PRODUCTS_DIR; };
		82C4010D285B264F001E858C /* ScreenTransitionUITests.swift */ = {isa = PBXFileReference; lastKnownFileType = sourcecode.swift; path = ScreenTransitionUITests.swift; sourceTree = "<group>"; };
		82C4010F285B264F001E858C /* ScreenTransitionUITestsLaunchTests.swift */ = {isa = PBXFileReference; lastKnownFileType = sourcecode.swift; path = ScreenTransitionUITestsLaunchTests.swift; sourceTree = "<group>"; };
		82C4011C285B2B37001E858C /* ModalViewController.swift */ = {isa = PBXFileReference; lastKnownFileType = sourcecode.swift; path = ModalViewController.swift; sourceTree = "<group>"; };
/* End PBXFileReference section */

/* Begin PBXFrameworksBuildPhase section */
		82C400E6285B264E001E858C /* Frameworks */ = {
			isa = PBXFrameworksBuildPhase;
			buildActionMask = 2147483647;
			files = (
			);
			runOnlyForDeploymentPostprocessing = 0;
		};
		82C400FC285B264F001E858C /* Frameworks */ = {
			isa = PBXFrameworksBuildPhase;
			buildActionMask = 2147483647;
			files = (
			);
			runOnlyForDeploymentPostprocessing = 0;
		};
		82C40106285B264F001E858C /* Frameworks */ = {
			isa = PBXFrameworksBuildPhase;
			buildActionMask = 2147483647;
			files = (
			);
			runOnlyForDeploymentPostprocessing = 0;
		};
/* End PBXFrameworksBuildPhase section */

/* Begin PBXGroup section */
		82C400E0285B264E001E858C = {
			isa = PBXGroup;
			children = (
				82C400EB285B264E001E858C /* ScreenTransition */,
				82C40102285B264F001E858C /* ScreenTransitionTests */,
				82C4010C285B264F001E858C /* ScreenTransitionUITests */,
				82C400EA285B264E001E858C /* Products */,
			);
			sourceTree = "<group>";
		};
		82C400EA285B264E001E858C /* Products */ = {
			isa = PBXGroup;
			children = (
				82C400E9285B264E001E858C /* ScreenTransition.app */,
				82C400FF285B264F001E858C /* ScreenTransitionTests.xctest */,
				82C40109285B264F001E858C /* ScreenTransitionUITests.xctest */,
			);
			name = Products;
			sourceTree = "<group>";
		};
		82C400EB285B264E001E858C /* ScreenTransition */ = {
			isa = PBXGroup;
			children = (
				82C400EC285B264E001E858C /* AppDelegate.swift */,
				82C400EE285B264E001E858C /* SceneDelegate.swift */,
				82C400F0285B264E001E858C /* ViewController.swift */,
				82C400F2285B264E001E858C /* Main.storyboard */,
				82C4011C285B2B37001E858C /* ModalViewController.swift */,
				82C400F5285B264F001E858C /* Assets.xcassets */,
				82C400F7285B264F001E858C /* LaunchScreen.storyboard */,
				82C400FA285B264F001E858C /* Info.plist */,
			);
			path = ScreenTransition;
			sourceTree = "<group>";
		};
		82C40102285B264F001E858C /* ScreenTransitionTests */ = {
			isa = PBXGroup;
			children = (
				82C40103285B264F001E858C /* ScreenTransitionTests.swift */,
			);
			path = ScreenTransitionTests;
			sourceTree = "<group>";
		};
		82C4010C285B264F001E858C /* ScreenTransitionUITests */ = {
			isa = PBXGroup;
			children = (
				82C4010D285B264F001E858C /* ScreenTransitionUITests.swift */,
				82C4010F285B264F001E858C /* ScreenTransitionUITestsLaunchTests.swift */,
			);
			path = ScreenTransitionUITests;
			sourceTree = "<group>";
		};
/* End PBXGroup section */

/* Begin PBXNativeTarget section */
		82C400E8285B264E001E858C /* ScreenTransition */ = {
			isa = PBXNativeTarget;
			buildConfigurationList = 82C40113285B264F001E858C /* Build configuration list for PBXNativeTarget "ScreenTransition" */;
			buildPhases = (
				82C400E5285B264E001E858C /* Sources */,
				82C400E6285B264E001E858C /* Frameworks */,
				82C400E7285B264E001E858C /* Resources */,
			);
			buildRules = (
			);
			dependencies = (
			);
			name = ScreenTransition;
			productName = ScreenTransition;
			productReference = 82C400E9285B264E001E858C /* ScreenTransition.app */;
			productType = "com.apple.product-type.application";
		};
		82C400FE285B264F001E858C /* ScreenTransitionTests */ = {
			isa = PBXNativeTarget;
			buildConfigurationList = 82C40116285B264F001E858C /* Build configuration list for PBXNativeTarget "ScreenTransitionTests" */;
			buildPhases = (
				82C400FB285B264F001E858C /* Sources */,
				82C400FC285B264F001E858C /* Frameworks */,
				82C400FD285B264F001E858C /* Resources */,
			);
			buildRules = (
			);
			dependencies = (
				82C40101285B264F001E858C /* PBXTargetDependency */,
			);
			name = ScreenTransitionTests;
			productName = ScreenTransitionTests;
			productReference = 82C400FF285B264F001E858C /* ScreenTransitionTests.xctest */;
			productType = "com.apple.product-type.bundle.unit-test";
		};
		82C40108285B264F001E858C /* ScreenTransitionUITests */ = {
			isa = PBXNativeTarget;
			buildConfigurationList = 82C40119285B264F001E858C /* Build configuration list for PBXNativeTarget "ScreenTransitionUITests" */;
			buildPhases = (
				82C40105285B264F001E858C /* Sources */,
				82C40106285B264F001E858C /* Frameworks */,
				82C40107285B264F001E858C /* Resources */,
			);
			buildRules = (
			);
			dependencies = (
				82C4010B285B264F001E858C /* PBXTargetDependency */,
			);
			name = ScreenTransitionUITests;
			productName = ScreenTransitionUITests;
			productReference = 82C40109285B264F001E858C /* ScreenTransitionUITests.xctest */;
			productType = "com.apple.product-type.bundle.ui-testing";
		};
/* End PBXNativeTarget section */

/* Begin PBXProject section */
		82C400E1285B264E001E858C /* Project object */ = {
			isa = PBXProject;
			attributes = {
				BuildIndependentTargetsInParallel = 1;
				LastSwiftUpdateCheck = 1340;
				LastUpgradeCheck = 1340;
				TargetAttributes = {
					82C400E8285B264E001E858C = {
						CreatedOnToolsVersion = 13.4.1;
					};
					82C400FE285B264F001E858C = {
						CreatedOnToolsVersion = 13.4.1;
						TestTargetID = 82C400E8285B264E001E858C;
					};
					82C40108285B264F001E858C = {
						CreatedOnToolsVersion = 13.4.1;
						TestTargetID = 82C400E8285B264E001E858C;
					};
				};
			};
			buildConfigurationList = 82C400E4285B264E001E858C /* Build configuration list for PBXProject "ScreenTransition" */;
			compatibilityVersion = "Xcode 13.0";
			developmentRegion = en;
			hasScannedForEncodings = 0;
			knownRegions = (
				en,
				Base,
			);
			mainGroup = 82C400E0285B264E001E858C;
			productRefGroup = 82C400EA285B264E001E858C /* Products */;
			projectDirPath = "";
			projectRoot = "";
			targets = (
				82C400E8285B264E001E858C /* ScreenTransition */,
				82C400FE285B264F001E858C /* ScreenTransitionTests */,
				82C40108285B264F001E858C /* ScreenTransitionUITests */,
			);
		};
/* End PBXProject section */

/* Begin PBXResourcesBuildPhase section */
		82C400E7285B264E001E858C /* Resources */ = {
			isa = PBXResourcesBuildPhase;
			buildActionMask = 2147483647;
			files = (
				82C400F9285B264F001E858C /* LaunchScreen.storyboard in Resources */,
				82C400F6285B264F001E858C /* Assets.xcassets in Resources */,
				82C400F4285B264E001E858C /* Main.storyboard in Resources */,
			);
			runOnlyForDeploymentPostprocessing = 0;
		};
		82C400FD285B264F001E858C /* Resources */ = {
			isa = PBXResourcesBuildPhase;
			buildActionMask = 2147483647;
			files = (
			);
			runOnlyForDeploymentPostprocessing = 0;
		};
		82C40107285B264F001E858C /* Resources */ = {
			isa = PBXResourcesBuildPhase;
			buildActionMask = 2147483647;
			files = (
			);
			runOnlyForDeploymentPostprocessing = 0;
		};
/* End PBXResourcesBuildPhase section */

/* Begin PBXSourcesBuildPhase section */
		82C400E5285B264E001E858C /* Sources */ = {
			isa = PBXSourcesBuildPhase;
			buildActionMask = 2147483647;
			files = (
				82C4011D285B2B37001E858C /* ModalViewController.swift in Sources */,
				82C400F1285B264E001E858C /* ViewController.swift in Sources */,
				82C400ED285B264E001E858C /* AppDelegate.swift in Sources */,
				82C400EF285B264E001E858C /* SceneDelegate.swift in Sources */,
			);
			runOnlyForDeploymentPostprocessing = 0;
		};
		82C400FB285B264F001E858C /* Sources */ = {
			isa = PBXSourcesBuildPhase;
			buildActionMask = 2147483647;
			files = (
				82C40104285B264F001E858C /* ScreenTransitionTests.swift in Sources */,
			);
			runOnlyForDeploymentPostprocessing = 0;
		};
		82C40105285B264F001E858C /* Sources */ = {
			isa = PBXSourcesBuildPhase;
			buildActionMask = 2147483647;
			files = (
				82C4010E285B264F001E858C /* ScreenTransitionUITests.swift in Sources */,
				82C40110285B264F001E858C /* ScreenTransitionUITestsLaunchTests.swift in Sources */,
			);
			runOnlyForDeploymentPostprocessing = 0;
		};
/* End PBXSourcesBuildPhase section */

/* Begin PBXTargetDependency section */
		82C40101285B264F001E858C /* PBXTargetDependency */ = {
			isa = PBXTargetDependency;
			target = 82C400E8285B264E001E858C /* ScreenTransition */;
			targetProxy = 82C40100285B264F001E858C /* PBXContainerItemProxy */;
		};
		82C4010B285B264F001E858C /* PBXTargetDependency */ = {
			isa = PBXTargetDependency;
			target = 82C400E8285B264E001E858C /* ScreenTransition */;
			targetProxy = 82C4010A285B264F001E858C /* PBXContainerItemProxy */;
		};
/* End PBXTargetDependency section */

/* Begin PBXVariantGroup section */
		82C400F2285B264E001E858C /* Main.storyboard */ = {
			isa = PBXVariantGroup;
			children = (
				82C400F3285B264E001E858C /* Base */,
			);
			name = Main.storyboard;
			sourceTree = "<group>";
		};
		82C400F7285B264F001E858C /* LaunchScreen.storyboard */ = {
			isa = PBXVariantGroup;
			children = (
				82C400F8285B264F001E858C /* Base */,
			);
			name = LaunchScreen.storyboard;
			sourceTree = "<group>";
		};
/* End PBXVariantGroup section */

/* Begin XCBuildConfiguration section */
		82C40111285B264F001E858C /* Debug */ = {
			isa = XCBuildConfiguration;
			buildSettings = {
				ALWAYS_SEARCH_USER_PATHS = NO;
				CLANG_ANALYZER_NONNULL = YES;
				CLANG_ANALYZER_NUMBER_OBJECT_CONVERSION = YES_AGGRESSIVE;
				CLANG_CXX_LANGUAGE_STANDARD = "gnu++17";
				CLANG_ENABLE_MODULES = YES;
				CLANG_ENABLE_OBJC_ARC = YES;
				CLANG_ENABLE_OBJC_WEAK = YES;
				CLANG_WARN_BLOCK_CAPTURE_AUTORELEASING = YES;
				CLANG_WARN_BOOL_CONVERSION = YES;
				CLANG_WARN_COMMA = YES;
				CLANG_WARN_CONSTANT_CONVERSION = YES;
				CLANG_WARN_DEPRECATED_OBJC_IMPLEMENTATIONS = YES;
				CLANG_WARN_DIRECT_OBJC_ISA_USAGE = YES_ERROR;
				CLANG_WARN_DOCUMENTATION_COMMENTS = YES;
				CLANG_WARN_EMPTY_BODY = YES;
				CLANG_WARN_ENUM_CONVERSION = YES;
				CLANG_WARN_INFINITE_RECURSION = YES;
				CLANG_WARN_INT_CONVERSION = YES;
				CLANG_WARN_NON_LITERAL_NULL_CONVERSION = YES;
				CLANG_WARN_OBJC_IMPLICIT_RETAIN_SELF = YES;
				CLANG_WARN_OBJC_LITERAL_CONVERSION = YES;
				CLANG_WARN_OBJC_ROOT_CLASS = YES_ERROR;
				CLANG_WARN_QUOTED_INCLUDE_IN_FRAMEWORK_HEADER = YES;
				CLANG_WARN_RANGE_LOOP_ANALYSIS = YES;
				CLANG_WARN_STRICT_PROTOTYPES = YES;
				CLANG_WARN_SUSPICIOUS_MOVE = YES;
				CLANG_WARN_UNGUARDED_AVAILABILITY = YES_AGGRESSIVE;
				CLANG_WARN_UNREACHABLE_CODE = YES;
				CLANG_WARN__DUPLICATE_METHOD_MATCH = YES;
				COPY_PHASE_STRIP = NO;
				DEBUG_INFORMATION_FORMAT = dwarf;
				ENABLE_STRICT_OBJC_MSGSEND = YES;
				ENABLE_TESTABILITY = YES;
				GCC_C_LANGUAGE_STANDARD = gnu11;
				GCC_DYNAMIC_NO_PIC = NO;
				GCC_NO_COMMON_BLOCKS = YES;
				GCC_OPTIMIZATION_LEVEL = 0;
				GCC_PREPROCESSOR_DEFINITIONS = (
					"DEBUG=1",
					"$(inherited)",
				);
				GCC_WARN_64_TO_32_BIT_CONVERSION = YES;
				GCC_WARN_ABOUT_RETURN_TYPE = YES_ERROR;
				GCC_WARN_UNDECLARED_SELECTOR = YES;
				GCC_WARN_UNINITIALIZED_AUTOS = YES_AGGRESSIVE;
				GCC_WARN_UNUSED_FUNCTION = YES;
				GCC_WARN_UNUSED_VARIABLE = YES;
				IPHONEOS_DEPLOYMENT_TARGET = 15.5;
				MTL_ENABLE_DEBUG_INFO = INCLUDE_SOURCE;
				MTL_FAST_MATH = YES;
				ONLY_ACTIVE_ARCH = YES;
				SDKROOT = iphoneos;
				SWIFT_ACTIVE_COMPILATION_CONDITIONS = DEBUG;
				SWIFT_OPTIMIZATION_LEVEL = "-Onone";
			};
			name = Debug;
		};
		82C40112285B264F001E858C /* Release */ = {
			isa = XCBuildConfiguration;
			buildSettings = {
				ALWAYS_SEARCH_USER_PATHS = NO;
				CLANG_ANALYZER_NONNULL = YES;
				CLANG_ANALYZER_NUMBER_OBJECT_CONVERSION = YES_AGGRESSIVE;
				CLANG_CXX_LANGUAGE_STANDARD = "gnu++17";
				CLANG_ENABLE_MODULES = YES;
				CLANG_ENABLE_OBJC_ARC = YES;
				CLANG_ENABLE_OBJC_WEAK = YES;
				CLANG_WARN_BLOCK_CAPTURE_AUTORELEASING = YES;
				CLANG_WARN_BOOL_CONVERSION = YES;
				CLANG_WARN_COMMA = YES;
				CLANG_WARN_CONSTANT_CONVERSION = YES;
				CLANG_WARN_DEPRECATED_OBJC_IMPLEMENTATIONS = YES;
				CLANG_WARN_DIRECT_OBJC_ISA_USAGE = YES_ERROR;
				CLANG_WARN_DOCUMENTATION_COMMENTS = YES;
				CLANG_WARN_EMPTY_BODY = YES;
				CLANG_WARN_ENUM_CONVERSION = YES;
				CLANG_WARN_INFINITE_RECURSION = YES;
				CLANG_WARN_INT_CONVERSION = YES;
				CLANG_WARN_NON_LITERAL_NULL_CONVERSION = YES;
				CLANG_WARN_OBJC_IMPLICIT_RETAIN_SELF = YES;
				CLANG_WARN_OBJC_LITERAL_CONVERSION = YES;
				CLANG_WARN_OBJC_ROOT_CLASS = YES_ERROR;
				CLANG_WARN_QUOTED_INCLUDE_IN_FRAMEWORK_HEADER = YES;
				CLANG_WARN_RANGE_LOOP_ANALYSIS = YES;
				CLANG_WARN_STRICT_PROTOTYPES = YES;
				CLANG_WARN_SUSPICIOUS_MOVE = YES;
				CLANG_WARN_UNGUARDED_AVAILABILITY = YES_AGGRESSIVE;
				CLANG_WARN_UNREACHABLE_CODE = YES;
				CLANG_WARN__DUPLICATE_METHOD_MATCH = YES;
				COPY_PHASE_STRIP = NO;
				DEBUG_INFORMATION_FORMAT = "dwarf-with-dsym";
				ENABLE_NS_ASSERTIONS = NO;
				ENABLE_STRICT_OBJC_MSGSEND = YES;
				GCC_C_LANGUAGE_STANDARD = gnu11;
				GCC_NO_COMMON_BLOCKS = YES;
				GCC_WARN_64_TO_32_BIT_CONVERSION = YES;
				GCC_WARN_ABOUT_RETURN_TYPE = YES_ERROR;
				GCC_WARN_UNDECLARED_SELECTOR = YES;
				GCC_WARN_UNINITIALIZED_AUTOS = YES_AGGRESSIVE;
				GCC_WARN_UNUSED_FUNCTION = YES;
				GCC_WARN_UNUSED_VARIABLE = YES;
				IPHONEOS_DEPLOYMENT_TARGET = 15.5;
				MTL_ENABLE_DEBUG_INFO = NO;
				MTL_FAST_MATH = YES;
				SDKROOT = iphoneos;
				SWIFT_COMPILATION_MODE = wholemodule;
				SWIFT_OPTIMIZATION_LEVEL = "-O";
				VALIDATE_PRODUCT = YES;
			};
			name = Release;
		};
		82C40114285B264F001E858C /* Debug */ = {
			isa = XCBuildConfiguration;
			buildSettings = {
				ASSETCATALOG_COMPILER_APPICON_NAME = AppIcon;
				ASSETCATALOG_COMPILER_GLOBAL_ACCENT_COLOR_NAME = AccentColor;
				CODE_SIGN_STYLE = Automatic;
				CURRENT_PROJECT_VERSION = 1;
				DEVELOPMENT_TEAM = GQZ24SVQ96;
				GENERATE_INFOPLIST_FILE = YES;
				INFOPLIST_FILE = ScreenTransition/Info.plist;
				INFOPLIST_KEY_UIApplicationSupportsIndirectInputEvents = YES;
				INFOPLIST_KEY_UILaunchStoryboardName = LaunchScreen;
				INFOPLIST_KEY_UIMainStoryboardFile = Main;
				INFOPLIST_KEY_UISupportedInterfaceOrientations_iPad = "UIInterfaceOrientationPortrait UIInterfaceOrientationPortraitUpsideDown UIInterfaceOrientationLandscapeLeft UIInterfaceOrientationLandscapeRight";
				INFOPLIST_KEY_UISupportedInterfaceOrientations_iPhone = "UIInterfaceOrientationPortrait UIInterfaceOrientationLandscapeLeft UIInterfaceOrientationLandscapeRight";
				LD_RUNPATH_SEARCH_PATHS = (
					"$(inherited)",
					"@executable_path/Frameworks",
				);
				MARKETING_VERSION = 1.0;
				PRODUCT_BUNDLE_IDENTIFIER = com.ostye.ScreenTransition;
				PRODUCT_NAME = "$(TARGET_NAME)";
				SWIFT_EMIT_LOC_STRINGS = YES;
				SWIFT_VERSION = 5.0;
				TARGETED_DEVICE_FAMILY = "1,2";
			};
			name = Debug;
		};
		82C40115285B264F001E858C /* Release */ = {
			isa = XCBuildConfiguration;
			buildSettings = {
				ASSETCATALOG_COMPILER_APPICON_NAME = AppIcon;
				ASSETCATALOG_COMPILER_GLOBAL_ACCENT_COLOR_NAME = AccentColor;
				CODE_SIGN_STYLE = Automatic;
				CURRENT_PROJECT_VERSION = 1;
				DEVELOPMENT_TEAM = GQZ24SVQ96;
				GENERATE_INFOPLIST_FILE = YES;
				INFOPLIST_FILE = ScreenTransition/Info.plist;
				INFOPLIST_KEY_UIApplicationSupportsIndirectInputEvents = YES;
				INFOPLIST_KEY_UILaunchStoryboardName = LaunchScreen;
				INFOPLIST_KEY_UIMainStoryboardFile = Main;
				INFOPLIST_KEY_UISupportedInterfaceOrientations_iPad = "UIInterfaceOrientationPortrait UIInterfaceOrientationPortraitUpsideDown UIInterfaceOrientationLandscapeLeft UIInterfaceOrientationLandscapeRight";
				INFOPLIST_KEY_UISupportedInterfaceOrientations_iPhone = "UIInterfaceOrientationPortrait UIInterfaceOrientationLandscapeLeft UIInterfaceOrientationLandscapeRight";
				LD_RUNPATH_SEARCH_PATHS = (
					"$(inherited)",
					"@executable_path/Frameworks",
				);
				MARKETING_VERSION = 1.0;
				PRODUCT_BUNDLE_IDENTIFIER = com.ostye.ScreenTransition;
				PRODUCT_NAME = "$(TARGET_NAME)";
				SWIFT_EMIT_LOC_STRINGS = YES;
				SWIFT_VERSION = 5.0;
				TARGETED_DEVICE_FAMILY = "1,2";
			};
			name = Release;
		};
		82C40117285B264F001E858C /* Debug */ = {
			isa = XCBuildConfiguration;
			buildSettings = {
				ALWAYS_EMBED_SWIFT_STANDARD_LIBRARIES = YES;
				BUNDLE_LOADER = "$(TEST_HOST)";
				CODE_SIGN_STYLE = Automatic;
				CURRENT_PROJECT_VERSION = 1;
				DEVELOPMENT_TEAM = GQZ24SVQ96;
				GENERATE_INFOPLIST_FILE = YES;
				IPHONEOS_DEPLOYMENT_TARGET = 15.5;
				MARKETING_VERSION = 1.0;
				PRODUCT_BUNDLE_IDENTIFIER = com.ostye.ScreenTransitionTests;
				PRODUCT_NAME = "$(TARGET_NAME)";
				SWIFT_EMIT_LOC_STRINGS = NO;
				SWIFT_VERSION = 5.0;
				TARGETED_DEVICE_FAMILY = "1,2";
				TEST_HOST = "$(BUILT_PRODUCTS_DIR)/ScreenTransition.app/ScreenTransition";
			};
			name = Debug;
		};
		82C40118285B264F001E858C /* Release */ = {
			isa = XCBuildConfiguration;
			buildSettings = {
				ALWAYS_EMBED_SWIFT_STANDARD_LIBRARIES = YES;
				BUNDLE_LOADER = "$(TEST_HOST)";
				CODE_SIGN_STYLE = Automatic;
				CURRENT_PROJECT_VERSION = 1;
				DEVELOPMENT_TEAM = GQZ24SVQ96;
				GENERATE_INFOPLIST_FILE = YES;
				IPHONEOS_DEPLOYMENT_TARGET = 15.5;
				MARKETING_VERSION = 1.0;
				PRODUCT_BUNDLE_IDENTIFIER = com.ostye.ScreenTransitionTests;
				PRODUCT_NAME = "$(TARGET_NAME)";
				SWIFT_EMIT_LOC_STRINGS = NO;
				SWIFT_VERSION = 5.0;
				TARGETED_DEVICE_FAMILY = "1,2";
				TEST_HOST = "$(BUILT_PRODUCTS_DIR)/ScreenTransition.app/ScreenTransition";
			};
			name = Release;
		};
		82C4011A285B264F001E858C /* Debug */ = {
			isa = XCBuildConfiguration;
			buildSettings = {
				ALWAYS_EMBED_SWIFT_STANDARD_LIBRARIES = YES;
				CODE_SIGN_STYLE = Automatic;
				CURRENT_PROJECT_VERSION = 1;
				DEVELOPMENT_TEAM = GQZ24SVQ96;
				GENERATE_INFOPLIST_FILE = YES;
				MARKETING_VERSION = 1.0;
				PRODUCT_BUNDLE_IDENTIFIER = com.ostye.ScreenTransitionUITests;
				PRODUCT_NAME = "$(TARGET_NAME)";
				SWIFT_EMIT_LOC_STRINGS = NO;
				SWIFT_VERSION = 5.0;
				TARGETED_DEVICE_FAMILY = "1,2";
				TEST_TARGET_NAME = ScreenTransition;
			};
			name = Debug;
		};
		82C4011B285B264F001E858C /* Release */ = {
			isa = XCBuildConfiguration;
			buildSettings = {
				ALWAYS_EMBED_SWIFT_STANDARD_LIBRARIES = YES;
				CODE_SIGN_STYLE = Automatic;
				CURRENT_PROJECT_VERSION = 1;
				DEVELOPMENT_TEAM = GQZ24SVQ96;
				GENERATE_INFOPLIST_FILE = YES;
				MARKETING_VERSION = 1.0;
				PRODUCT_BUNDLE_IDENTIFIER = com.ostye.ScreenTransitionUITests;
				PRODUCT_NAME = "$(TARGET_NAME)";
				SWIFT_EMIT_LOC_STRINGS = NO;
				SWIFT_VERSION = 5.0;
				TARGETED_DEVICE_FAMILY = "1,2";
				TEST_TARGET_NAME = ScreenTransition;
			};
			name = Release;
		};
/* End XCBuildConfiguration section */

/* Begin XCConfigurationList section */
		82C400E4285B264E001E858C /* Build configuration list for PBXProject "ScreenTransition" */ = {
			isa = XCConfigurationList;
			buildConfigurations = (
				82C40111285B264F001E858C /* Debug */,
				82C40112285B264F001E858C /* Release */,
			);
			defaultConfigurationIsVisible = 0;
			defaultConfigurationName = Release;
		};
		82C40113285B264F001E858C /* Build configuration list for PBXNativeTarget "ScreenTransition" */ = {
			isa = XCConfigurationList;
			buildConfigurations = (
				82C40114285B264F001E858C /* Debug */,
				82C40115285B264F001E858C /* Release */,
			);
			defaultConfigurationIsVisible = 0;
			defaultConfigurationName = Release;
		};
		82C40116285B264F001E858C /* Build configuration list for PBXNativeTarget "ScreenTransitionTests" */ = {
			isa = XCConfigurationList;
			buildConfigurations = (
				82C40117285B264F001E858C /* Debug */,
				82C40118285B264F001E858C /* Release */,
			);
			defaultConfigurationIsVisible = 0;
			defaultConfigurationName = Release;
		};
		82C40119285B264F001E858C /* Build configuration list for PBXNativeTarget "ScreenTransitionUITests" */ = {
			isa = XCConfigurationList;
			buildConfigurations = (
				82C4011A285B264F001E858C /* Debug */,
				82C4011B285B264F001E858C /* Release */,
			);
			defaultConfigurationIsVisible = 0;
			defaultConfigurationName = Release;
		};
/* End XCConfigurationList section */
	};
	rootObject = 82C400E1285B264E001E858C /* Project object */;
}
